# This file is autogenerated, do not edit; changes may be undone by the next 'dep ensure'.


[[projects]]
  digest = "1:75b6e611eafd029c4a94ec38c9fb44b93fecae2d6c9d7a3db9826333f630cb22"
  name = "github.com/aws/aws-lambda-go"
  packages = [
    "events",
    "lambda",
    "lambda/messages",
    "lambdacontext",
  ]
  pruneopts = ""
  revision = "9e3676ee8ca83aee500682f382e10b9d03660093"
  version = "v1.8.0"

[[projects]]
  digest = "1:2ab85e1c0578804ec09602b075bb7637f7cfb6892d827d39707b58f49eec613a"
  name = "github.com/aws/aws-sdk-go"
  packages = [
    "aws",
    "aws/awserr",
    "aws/awsutil",
    "aws/client",
    "aws/client/metadata",
    "aws/corehandlers",
    "aws/credentials",
    "aws/credentials/ec2rolecreds",
    "aws/credentials/endpointcreds",
    "aws/credentials/processcreds",
    "aws/credentials/stscreds",
    "aws/crr",
    "aws/csm",
    "aws/defaults",
    "aws/ec2metadata",
    "aws/endpoints",
    "aws/request",
    "aws/session",
    "aws/signer/v4",
    "internal/ini",
    "internal/sdkio",
    "internal/sdkrand",
    "internal/sdkuri",
    "internal/shareddefaults",
    "private/protocol",
    "private/protocol/json/jsonutil",
    "private/protocol/jsonrpc",
    "private/protocol/query",
    "private/protocol/query/queryutil",
    "private/protocol/rest",
    "private/protocol/xml/xmlutil",
    "service/dynamodb",
    "service/dynamodb/dynamodbattribute",
    "service/ses",
    "service/sts",
  ]
  pruneopts = ""
  revision = "3991042237b45cf58c9d5f34295942d5533c28c6"
  version = "v1.16.11"

[[projects]]
  branch = "master"
  digest = "1:96b2228ec52e3129a311293afd1310cc4a4d8dd88c7370006c6f3e21d3ec03bb"
  name = "github.com/grokify/html-strip-tags-go"
  packages = ["."]
  pruneopts = ""
  revision = "e9e44961e26f513866063f54bf85070db95600f7"

[[projects]]
  digest = "1:13fe471d0ed891e8544eddfeeb0471fd3c9f2015609a1c000aefdedf52a19d40"
  name = "github.com/jmespath/go-jmespath"
  packages = ["."]
  pruneopts = ""
  revision = "c2b33e84"

[solve-meta]
  analyzer-name = "dep"
  analyzer-version = 1
  input-imports = [
    "github.com/aws/aws-lambda-go/events",
    "github.com/aws/aws-lambda-go/lambda",
    "github.com/aws/aws-sdk-go/aws",
    "github.com/aws/aws-sdk-go/aws/awserr",
    "github.com/aws/aws-sdk-go/aws/session",
    "github.com/aws/aws-sdk-go/service/dynamodb",
    "github.com/aws/aws-sdk-go/service/dynamodb/dynamodbattribute",
    "github.com/aws/aws-sdk-go/service/ses",
    "github.com/grokify/html-strip-tags-go",
  ]
  solver-name = "gps-cdcl"
  solver-version = 1
